
Microsoft Visual Studio Solution File, Format Version 12.00
# Visual Studio Version 17
VisualStudioVersion = 17.7.34003.232
MinimumVisualStudioVersion = 10.0.40219.1
Project("{9A19103F-16F7-4668-BE54-9A1E7A4F7556}") = "ServerApp", "ServerApp.csproj", "{F2584B7D-2CFD-456B-AD83-BC96273CB623}"
EndProject
Global
	GlobalSection(SolutionConfigurationPlatforms) = preSolution
		Debug|Any CPU = Debug|Any CPU
		Release|Any CPU = Release|Any CPU
	EndGlobalSection
	GlobalSection(ProjectConfigurationPlatforms) = postSolution
		{F2584B7D-2CFD-456B-AD83-BC96273CB623}.Debug|Any CPU.ActiveCfg = Debug|Any CPU
		{F2584B7D-2CFD-456B-AD83-BC96273CB623}.Debug|Any CPU.Build.0 = Debug|Any CPU
		{F2584B7D-2CFD-456B-AD83-BC96273CB623}.Release|Any CPU.ActiveCfg = Release|Any CPU
		{F2584B7D-2CFD-456B-AD83-BC96273CB623}.Release|Any CPU.Build.0 = Release|Any CPU
	EndGlobalSection
	GlobalSection(SolutionProperties) = preSolution
		HideSolutionNode = FALSE
	EndGlobalSection
	GlobalSection(ExtensibilityGlobals) = postSolution
		SolutionGuid = {6CA82A0B-A76E-429A-88C4-94D3C76F6D35}
	EndGlobalSection
EndGlobal
